
Microsoft Visual Studio Solution File, Format Version 9.00
# Visual Studio 2005
Project("{FAE04EC0-301F-11D3-BF4B-00C04F79EFBC}") = "CLP.Facturacion.Entities", "CLP.Facturacion.Entities.csproj", "{CFE1B462-A3BC-417E-8471-4B8EF8BC0C68}"
EndProject
Global
	GlobalSection(SolutionConfigurationPlatforms) = preSolution
		Debug|Any CPU = Debug|Any CPU
		Release|Any CPU = Release|Any CPU
	EndGlobalSection
	GlobalSection(ProjectConfigurationPlatforms) = postSolution
		{CFE1B462-A3BC-417E-8471-4B8EF8BC0C68}.Debug|Any CPU.ActiveCfg = Debug|Any CPU
		{CFE1B462-A3BC-417E-8471-4B8EF8BC0C68}.Debug|Any CPU.Build.0 = Debug|Any CPU
		{CFE1B462-A3BC-417E-8471-4B8EF8BC0C68}.Release|Any CPU.ActiveCfg = Release|Any CPU
		{CFE1B462-A3BC-417E-8471-4B8EF8BC0C68}.Release|Any CPU.Build.0 = Release|Any CPU
	EndGlobalSection
	GlobalSection(SolutionProperties) = preSolution
		HideSolutionNode = FALSE
	EndGlobalSection
EndGlobal
